
Microsoft Visual Studio Solution File, Format Version 12.00
# Visual Studio Version 17
VisualStudioVersion = 17.14.36109.1
MinimumVisualStudioVersion = 10.0.40219.1
Project("{FAE04EC0-301F-11D3-BF4B-00C04F79EFBC}") = "FirstDegree", "FirstDegree\FirstDegree.csproj", "{81E16EB0-CF85-4A84-AEC5-330A5B4D6121}"
EndProject
Project("{FAE04EC0-301F-11D3-BF4B-00C04F79EFBC}") = "SimpleCalculation", "SimpleCalculation\SimpleCalculation.csproj", "{F29D7EAD-3695-4923-826B-9400FC6081AE}"
EndProject
Project("{FAE04EC0-301F-11D3-BF4B-00C04F79EFBC}") = "FullStructureProject", "FullStructureProject\FullStructureProject.csproj", "{5EF98DCB-A11E-490F-8483-06245CA202AA}"
EndProject
Project("{FAE04EC0-301F-11D3-BF4B-00C04F79EFBC}") = "Var and Dynamic", "Var and Dynamic\Var and Dynamic.csproj", "{B02CA385-D80C-470A-95AF-205E3A84CE08}"
EndProject
Project("{FAE04EC0-301F-11D3-BF4B-00C04F79EFBC}") = "QualificExcute", "QualificExcute\QualificExcute.csproj", "{4AE156C9-F66E-4D8C-A4C3-CB05B47AB447}"
EndProject
Project("{FAE04EC0-301F-11D3-BF4B-00C04F79EFBC}") = "StringInteraction", "StringInteraction\StringInteraction.csproj", "{2F0D96CB-4894-4D2C-9895-3984DDADA293}"
EndProject
Project("{FAE04EC0-301F-11D3-BF4B-00C04F79EFBC}") = "CallByReference", "CallByReference\CallByReference.csproj", "{29259636-0E38-414E-85C3-3622F1FA732F}"
EndProject
Project("{FAE04EC0-301F-11D3-BF4B-00C04F79EFBC}") = "TryParseAndLoop", "TryParseAndLoop\TryParseAndLoop.csproj", "{EB550D00-ADAC-430B-BBF9-4B760FF802B8}"
EndProject
Project("{FAE04EC0-301F-11D3-BF4B-00C04F79EFBC}") = "ParamForArray", "ParamForArray\ParamForArray.csproj", "{B25B97C9-74DD-42B3-BD22-29429445986C}"
EndProject
Project("{FAE04EC0-301F-11D3-BF4B-00C04F79EFBC}") = "StaticAndNon-Static", "StaticAndNon-Static\StaticAndNon-Static.csproj", "{EFAB5A17-7600-4188-B3AA-39471A7DE65A}"
EndProject
Project("{FAE04EC0-301F-11D3-BF4B-00C04F79EFBC}") = "Tuples", "Tuples\Tuples.csproj", "{EE364628-D43C-41BE-A5D1-4426996566C2}"
EndProject
Project("{FAE04EC0-301F-11D3-BF4B-00C04F79EFBC}") = "SapXepArray", "SapXepArray\SapXepArray.csproj", "{32A4F634-98C7-4C6A-A11B-1F2E6A9F5CDF}"
EndProject
Project("{FAE04EC0-301F-11D3-BF4B-00C04F79EFBC}") = "NextLoop", "NextLoop\NextLoop.csproj", "{996126C8-9C27-4EC6-8230-658AF9523F8E}"
EndProject
Project("{FAE04EC0-301F-11D3-BF4B-00C04F79EFBC}") = "OOP", "OOP\OOP.csproj", "{4932F94B-E15E-4A91-A46C-7EB96AA42D9B}"
EndProject
Project("{FAE04EC0-301F-11D3-BF4B-00C04F79EFBC}") = "OOP 2", "OOP 2\OOP 2.csproj", "{70CAE42C-D6CF-4D06-ACBC-1D93665978F7}"
EndProject
Project("{FAE04EC0-301F-11D3-BF4B-00C04F79EFBC}") = "OOP 3", "OOP 3\OOP 3.csproj", "{B7597FAB-1193-489F-B2FF-73EB6DF97083}"
EndProject
Project("{FAE04EC0-301F-11D3-BF4B-00C04F79EFBC}") = "OOP2_Reuse", "OOP2_Reuse\OOP2_Reuse.csproj", "{211EF51C-AD9A-4DF2-BCB6-860B61DFF78B}"
EndProject
Project("{FAE04EC0-301F-11D3-BF4B-00C04F79EFBC}") = "OOP4_Generic_Collections", "OOP4_Generic_Collections\OOP4_Generic_Collections.csproj", "{F2B08FCF-04D6-4BA6-97EA-F8BFFC4DAB6A}"
EndProject
Project("{FAE04EC0-301F-11D3-BF4B-00C04F79EFBC}") = "OOP5_Dictionary", "OOP5_Dictionary\OOP5_Dictionary.csproj", "{1D3D2EEA-0B04-47A2-9A29-47BBEB76153C}"
EndProject
Project("{2150E333-8FDC-42A3-9474-1A3956D46DE8}") = "Chapter 5", "Chapter 5", "{02EA681E-C7D8-13C7-8484-4AC65E1B71E8}"
EndProject
Project("{FAE04EC0-301F-11D3-BF4B-00C04F79EFBC}") = "BuilderPattern", "BuilderPattern\BuilderPattern.csproj", "{044DE341-433F-5702-4D82-2BB3FD3832E3}"
EndProject
Project("{FAE04EC0-301F-11D3-BF4B-00C04F79EFBC}") = "FactoriesPattern", "FactoriesPattern\FactoriesPattern.csproj", "{15ADFCBE-9B56-7B0A-7AE5-771D29B1F4C9}"
EndProject
Project("{FAE04EC0-301F-11D3-BF4B-00C04F79EFBC}") = "ObserverPattern", "ObserverPattern\ObserverPattern.csproj", "{FEBF851F-917B-C45E-D2B8-7873FE9FDB40}"
EndProject
Project("{FAE04EC0-301F-11D3-BF4B-00C04F79EFBC}") = "PrototypePattern", "PrototypePattern\PrototypePattern.csproj", "{92C92FD4-253A-352A-CA1D-8ACA5E5F3868}"
EndProject
Project("{FAE04EC0-301F-11D3-BF4B-00C04F79EFBC}") = "SingletonPattern", "SingletonPattern\SingletonPattern.csproj", "{FABC0CC8-7E79-3D9B-8D56-17C4207BB104}"
EndProject
Project("{FAE04EC0-301F-11D3-BF4B-00C04F79EFBC}") = "DemoAliasAndClone", "DemoAliasAndClone\DemoAliasAndClone.csproj", "{6FCE0BFD-E72A-4DE7-941D-929B9C39FA12}"
EndProject
Global
	GlobalSection(SolutionConfigurationPlatforms) = preSolution
		Debug|Any CPU = Debug|Any CPU
		Release|Any CPU = Release|Any CPU
	EndGlobalSection
	GlobalSection(ProjectConfigurationPlatforms) = postSolution
		{81E16EB0-CF85-4A84-AEC5-330A5B4D6121}.Debug|Any CPU.ActiveCfg = Debug|Any CPU
		{81E16EB0-CF85-4A84-AEC5-330A5B4D6121}.Debug|Any CPU.Build.0 = Debug|Any CPU
		{81E16EB0-CF85-4A84-AEC5-330A5B4D6121}.Release|Any CPU.ActiveCfg = Release|Any CPU
		{81E16EB0-CF85-4A84-AEC5-330A5B4D6121}.Release|Any CPU.Build.0 = Release|Any CPU
		{F29D7EAD-3695-4923-826B-9400FC6081AE}.Debug|Any CPU.ActiveCfg = Debug|Any CPU
		{F29D7EAD-3695-4923-826B-9400FC6081AE}.Debug|Any CPU.Build.0 = Debug|Any CPU
		{F29D7EAD-3695-4923-826B-9400FC6081AE}.Release|Any CPU.ActiveCfg = Release|Any CPU
		{F29D7EAD-3695-4923-826B-9400FC6081AE}.Release|Any CPU.Build.0 = Release|Any CPU
		{5EF98DCB-A11E-490F-8483-06245CA202AA}.Debug|Any CPU.ActiveCfg = Debug|Any CPU
		{5EF98DCB-A11E-490F-8483-06245CA202AA}.Debug|Any CPU.Build.0 = Debug|Any CPU
		{5EF98DCB-A11E-490F-8483-06245CA202AA}.Release|Any CPU.ActiveCfg = Release|Any CPU
		{5EF98DCB-A11E-490F-8483-06245CA202AA}.Release|Any CPU.Build.0 = Release|Any CPU
		{B02CA385-D80C-470A-95AF-205E3A84CE08}.Debug|Any CPU.ActiveCfg = Debug|Any CPU
		{B02CA385-D80C-470A-95AF-205E3A84CE08}.Debug|Any CPU.Build.0 = Debug|Any CPU
		{B02CA385-D80C-470A-95AF-205E3A84CE08}.Release|Any CPU.ActiveCfg = Release|Any CPU
		{B02CA385-D80C-470A-95AF-205E3A84CE08}.Release|Any CPU.Build.0 = Release|Any CPU
		{4AE156C9-F66E-4D8C-A4C3-CB05B47AB447}.Debug|Any CPU.ActiveCfg = Debug|Any CPU
		{4AE156C9-F66E-4D8C-A4C3-CB05B47AB447}.Debug|Any CPU.Build.0 = Debug|Any CPU
		{4AE156C9-F66E-4D8C-A4C3-CB05B47AB447}.Release|Any CPU.ActiveCfg = Release|Any CPU
		{4AE156C9-F66E-4D8C-A4C3-CB05B47AB447}.Release|Any CPU.Build.0 = Release|Any CPU
		{2F0D96CB-4894-4D2C-9895-3984DDADA293}.Debug|Any CPU.ActiveCfg = Debug|Any CPU
		{2F0D96CB-4894-4D2C-9895-3984DDADA293}.Debug|Any CPU.Build.0 = Debug|Any CPU
		{2F0D96CB-4894-4D2C-9895-3984DDADA293}.Release|Any CPU.ActiveCfg = Release|Any CPU
		{2F0D96CB-4894-4D2C-9895-3984DDADA293}.Release|Any CPU.Build.0 = Release|Any CPU
		{29259636-0E38-414E-85C3-3622F1FA732F}.Debug|Any CPU.ActiveCfg = Debug|Any CPU
		{29259636-0E38-414E-85C3-3622F1FA732F}.Debug|Any CPU.Build.0 = Debug|Any CPU
		{29259636-0E38-414E-85C3-3622F1FA732F}.Release|Any CPU.ActiveCfg = Release|Any CPU
		{29259636-0E38-414E-85C3-3622F1FA732F}.Release|Any CPU.Build.0 = Release|Any CPU
		{EB550D00-ADAC-430B-BBF9-4B760FF802B8}.Debug|Any CPU.ActiveCfg = Debug|Any CPU
		{EB550D00-ADAC-430B-BBF9-4B760FF802B8}.Debug|Any CPU.Build.0 = Debug|Any CPU
		{EB550D00-ADAC-430B-BBF9-4B760FF802B8}.Release|Any CPU.ActiveCfg = Release|Any CPU
		{EB550D00-ADAC-430B-BBF9-4B760FF802B8}.Release|Any CPU.Build.0 = Release|Any CPU
		{B25B97C9-74DD-42B3-BD22-29429445986C}.Debug|Any CPU.ActiveCfg = Debug|Any CPU
		{B25B97C9-74DD-42B3-BD22-29429445986C}.Debug|Any CPU.Build.0 = Debug|Any CPU
		{B25B97C9-74DD-42B3-BD22-29429445986C}.Release|Any CPU.ActiveCfg = Release|Any CPU
		{B25B97C9-74DD-42B3-BD22-29429445986C}.Release|Any CPU.Build.0 = Release|Any CPU
		{EFAB5A17-7600-4188-B3AA-39471A7DE65A}.Debug|Any CPU.ActiveCfg = Debug|Any CPU
		{EFAB5A17-7600-4188-B3AA-39471A7DE65A}.Debug|Any CPU.Build.0 = Debug|Any CPU
		{EFAB5A17-7600-4188-B3AA-39471A7DE65A}.Release|Any CPU.ActiveCfg = Release|Any CPU
		{EFAB5A17-7600-4188-B3AA-39471A7DE65A}.Release|Any CPU.Build.0 = Release|Any CPU
		{EE364628-D43C-41BE-A5D1-4426996566C2}.Debug|Any CPU.ActiveCfg = Debug|Any CPU
		{EE364628-D43C-41BE-A5D1-4426996566C2}.Debug|Any CPU.Build.0 = Debug|Any CPU
		{EE364628-D43C-41BE-A5D1-4426996566C2}.Release|Any CPU.ActiveCfg = Release|Any CPU
		{EE364628-D43C-41BE-A5D1-4426996566C2}.Release|Any CPU.Build.0 = Release|Any CPU
		{32A4F634-98C7-4C6A-A11B-1F2E6A9F5CDF}.Debug|Any CPU.ActiveCfg = Debug|Any CPU
		{32A4F634-98C7-4C6A-A11B-1F2E6A9F5CDF}.Debug|Any CPU.Build.0 = Debug|Any CPU
		{32A4F634-98C7-4C6A-A11B-1F2E6A9F5CDF}.Release|Any CPU.ActiveCfg = Release|Any CPU
		{32A4F634-98C7-4C6A-A11B-1F2E6A9F5CDF}.Release|Any CPU.Build.0 = Release|Any CPU
		{996126C8-9C27-4EC6-8230-658AF9523F8E}.Debug|Any CPU.ActiveCfg = Debug|Any CPU
		{996126C8-9C27-4EC6-8230-658AF9523F8E}.Debug|Any CPU.Build.0 = Debug|Any CPU
		{996126C8-9C27-4EC6-8230-658AF9523F8E}.Release|Any CPU.ActiveCfg = Release|Any CPU
		{996126C8-9C27-4EC6-8230-658AF9523F8E}.Release|Any CPU.Build.0 = Release|Any CPU
		{4932F94B-E15E-4A91-A46C-7EB96AA42D9B}.Debug|Any CPU.ActiveCfg = Debug|Any CPU
		{4932F94B-E15E-4A91-A46C-7EB96AA42D9B}.Debug|Any CPU.Build.0 = Debug|Any CPU
		{4932F94B-E15E-4A91-A46C-7EB96AA42D9B}.Release|Any CPU.ActiveCfg = Release|Any CPU
		{4932F94B-E15E-4A91-A46C-7EB96AA42D9B}.Release|Any CPU.Build.0 = Release|Any CPU
		{70CAE42C-D6CF-4D06-ACBC-1D93665978F7}.Debug|Any CPU.ActiveCfg = Debug|Any CPU
		{70CAE42C-D6CF-4D06-ACBC-1D93665978F7}.Debug|Any CPU.Build.0 = Debug|Any CPU
		{70CAE42C-D6CF-4D06-ACBC-1D93665978F7}.Release|Any CPU.ActiveCfg = Release|Any CPU
		{70CAE42C-D6CF-4D06-ACBC-1D93665978F7}.Release|Any CPU.Build.0 = Release|Any CPU
		{B7597FAB-1193-489F-B2FF-73EB6DF97083}.Debug|Any CPU.ActiveCfg = Debug|Any CPU
		{B7597FAB-1193-489F-B2FF-73EB6DF97083}.Debug|Any CPU.Build.0 = Debug|Any CPU
		{B7597FAB-1193-489F-B2FF-73EB6DF97083}.Release|Any CPU.ActiveCfg = Release|Any CPU
		{B7597FAB-1193-489F-B2FF-73EB6DF97083}.Release|Any CPU.Build.0 = Release|Any CPU
		{211EF51C-AD9A-4DF2-BCB6-860B61DFF78B}.Debug|Any CPU.ActiveCfg = Debug|Any CPU
		{211EF51C-AD9A-4DF2-BCB6-860B61DFF78B}.Debug|Any CPU.Build.0 = Debug|Any CPU
		{211EF51C-AD9A-4DF2-BCB6-860B61DFF78B}.Release|Any CPU.ActiveCfg = Release|Any CPU
		{211EF51C-AD9A-4DF2-BCB6-860B61DFF78B}.Release|Any CPU.Build.0 = Release|Any CPU
		{F2B08FCF-04D6-4BA6-97EA-F8BFFC4DAB6A}.Debug|Any CPU.ActiveCfg = Debug|Any CPU
		{F2B08FCF-04D6-4BA6-97EA-F8BFFC4DAB6A}.Debug|Any CPU.Build.0 = Debug|Any CPU
		{F2B08FCF-04D6-4BA6-97EA-F8BFFC4DAB6A}.Release|Any CPU.ActiveCfg = Release|Any CPU
		{F2B08FCF-04D6-4BA6-97EA-F8BFFC4DAB6A}.Release|Any CPU.Build.0 = Release|Any CPU
		{1D3D2EEA-0B04-47A2-9A29-47BBEB76153C}.Debug|Any CPU.ActiveCfg = Debug|Any CPU
		{1D3D2EEA-0B04-47A2-9A29-47BBEB76153C}.Debug|Any CPU.Build.0 = Debug|Any CPU
		{1D3D2EEA-0B04-47A2-9A29-47BBEB76153C}.Release|Any CPU.ActiveCfg = Release|Any CPU
		{1D3D2EEA-0B04-47A2-9A29-47BBEB76153C}.Release|Any CPU.Build.0 = Release|Any CPU
		{044DE341-433F-5702-4D82-2BB3FD3832E3}.Debug|Any CPU.ActiveCfg = Debug|Any CPU
		{044DE341-433F-5702-4D82-2BB3FD3832E3}.Debug|Any CPU.Build.0 = Debug|Any CPU
		{044DE341-433F-5702-4D82-2BB3FD3832E3}.Release|Any CPU.ActiveCfg = Release|Any CPU
		{044DE341-433F-5702-4D82-2BB3FD3832E3}.Release|Any CPU.Build.0 = Release|Any CPU
		{15ADFCBE-9B56-7B0A-7AE5-771D29B1F4C9}.Debug|Any CPU.ActiveCfg = Debug|Any CPU
		{15ADFCBE-9B56-7B0A-7AE5-771D29B1F4C9}.Debug|Any CPU.Build.0 = Debug|Any CPU
		{15ADFCBE-9B56-7B0A-7AE5-771D29B1F4C9}.Release|Any CPU.ActiveCfg = Release|Any CPU
		{15ADFCBE-9B56-7B0A-7AE5-771D29B1F4C9}.Release|Any CPU.Build.0 = Release|Any CPU
		{FEBF851F-917B-C45E-D2B8-7873FE9FDB40}.Debug|Any CPU.ActiveCfg = Debug|Any CPU
		{FEBF851F-917B-C45E-D2B8-7873FE9FDB40}.Debug|Any CPU.Build.0 = Debug|Any CPU
		{FEBF851F-917B-C45E-D2B8-7873FE9FDB40}.Release|Any CPU.ActiveCfg = Release|Any CPU
		{FEBF851F-917B-C45E-D2B8-7873FE9FDB40}.Release|Any CPU.Build.0 = Release|Any CPU
		{92C92FD4-253A-352A-CA1D-8ACA5E5F3868}.Debug|Any CPU.ActiveCfg = Debug|Any CPU
		{92C92FD4-253A-352A-CA1D-8ACA5E5F3868}.Debug|Any CPU.Build.0 = Debug|Any CPU
		{92C92FD4-253A-352A-CA1D-8ACA5E5F3868}.Release|Any CPU.ActiveCfg = Release|Any CPU
		{92C92FD4-253A-352A-CA1D-8ACA5E5F3868}.Release|Any CPU.Build.0 = Release|Any CPU
		{FABC0CC8-7E79-3D9B-8D56-17C4207BB104}.Debug|Any CPU.ActiveCfg = Debug|Any CPU
		{FABC0CC8-7E79-3D9B-8D56-17C4207BB104}.Debug|Any CPU.Build.0 = Debug|Any CPU
		{FABC0CC8-7E79-3D9B-8D56-17C4207BB104}.Release|Any CPU.ActiveCfg = Release|Any CPU
		{FABC0CC8-7E79-3D9B-8D56-17C4207BB104}.Release|Any CPU.Build.0 = Release|Any CPU
		{6FCE0BFD-E72A-4DE7-941D-929B9C39FA12}.Debug|Any CPU.ActiveCfg = Debug|Any CPU
		{6FCE0BFD-E72A-4DE7-941D-929B9C39FA12}.Debug|Any CPU.Build.0 = Debug|Any CPU
		{6FCE0BFD-E72A-4DE7-941D-929B9C39FA12}.Release|Any CPU.ActiveCfg = Release|Any CPU
		{6FCE0BFD-E72A-4DE7-941D-929B9C39FA12}.Release|Any CPU.Build.0 = Release|Any CPU
	EndGlobalSection
	GlobalSection(SolutionProperties) = preSolution
		HideSolutionNode = FALSE
	EndGlobalSection
	GlobalSection(NestedProjects) = preSolution
		{044DE341-433F-5702-4D82-2BB3FD3832E3} = {02EA681E-C7D8-13C7-8484-4AC65E1B71E8}
		{15ADFCBE-9B56-7B0A-7AE5-771D29B1F4C9} = {02EA681E-C7D8-13C7-8484-4AC65E1B71E8}
		{FEBF851F-917B-C45E-D2B8-7873FE9FDB40} = {02EA681E-C7D8-13C7-8484-4AC65E1B71E8}
		{92C92FD4-253A-352A-CA1D-8ACA5E5F3868} = {02EA681E-C7D8-13C7-8484-4AC65E1B71E8}
		{FABC0CC8-7E79-3D9B-8D56-17C4207BB104} = {02EA681E-C7D8-13C7-8484-4AC65E1B71E8}
		{6FCE0BFD-E72A-4DE7-941D-929B9C39FA12} = {02EA681E-C7D8-13C7-8484-4AC65E1B71E8}
	EndGlobalSection
	GlobalSection(ExtensibilityGlobals) = postSolution
		SolutionGuid = {D609C82F-B40B-49C8-9954-681966D70324}
	EndGlobalSection
EndGlobal
